{
  "lockfileVersion": 1,
  "configVersion": 1,
  "workspaces": {
    "": {
      "name": "skills",
      "devDependencies": {
        "@biomejs/biome": "2.4.14",
        "ultracite": "7.6.3",
      },
    },
  },
  "packages": {
    "@biomejs/biome": ["@biomejs/biome@2.4.14", "", { "optionalDependencies": { "@biomejs/cli-darwin-arm64": "2.4.14", "@biomejs/cli-darwin-x64": "2.4.14", "@biomejs/cli-linux-arm64": "2.4.14", "@biomejs/cli-linux-arm64-musl": "2.4.14", "@biomejs/cli-linux-x64": "2.4.14", "@biomejs/cli-linux-x64-musl": "2.4.14", "@biomejs/cli-win32-arm64": "2.4.14", "@biomejs/cli-win32-x64": "2.4.14" }, "bin": { "biome": "bin/biome" } }, "sha512-TmAvxOEgrpLypzVGJ8FulIZnlyA9TxrO1hyqYrCz9r+bwma9xXxuLA5IuYnj55XQneFx460KjRbx6SWGLkg3bQ=="],

    "@biomejs/cli-darwin-arm64": ["@biomejs/cli-darwin-arm64@2.4.14", "", { "os": "darwin", "cpu": "arm64" }, "sha512-XvgoE9XOawUOQPdmvs4J7wPhi/DLwSCGks3AlPJDmh34O0awRTqCED1HRcRDdpf1Zrp4us4MGOOdIxNpbqNF5Q=="],

    "@biomejs/cli-darwin-x64": ["@biomejs/cli-darwin-x64@2.4.14", "", { "os": "darwin", "cpu": "x64" }, "sha512-jE7hKBCFhOx3uUh+ZkWBfOHxAcILPfhFplNkuID/eZeSTLHzfZzoZxW8fbqY9xXRnPi7jGNAf1iPVR+0yWsM/Q=="],

    "@biomejs/cli-linux-arm64": ["@biomejs/cli-linux-arm64@2.4.14", "", { "os": "linux", "cpu": "arm64" }, "sha512-2TELhZnW5RSLL063l9rc5xLpA0ZIw0Ccwy/0q384rvNAgFw3yI76bd59547yxowdQr5MNPET/xDLrLuvgSeeWQ=="],

    "@biomejs/cli-linux-arm64-musl": ["@biomejs/cli-linux-arm64-musl@2.4.14", "", { "os": "linux", "cpu": "arm64" }, "sha512-/z+6gqAqqUQTHazwStxSXKHg9b8UvqBmDFRp+c4wYbq2KXhELQDon9EoC9RpmQ8JWkqQx/lIUy/cs+MhzDZp6A=="],

    "@biomejs/cli-linux-x64": ["@biomejs/cli-linux-x64@2.4.14", "", { "os": "linux", "cpu": "x64" }, "sha512-zHrlQZDBDUz4OLAraYpWKcnLS6HOewBFWYOzY91d1ZjdqZwibOyb6BEu6WuWLugyo0P3riCmsbV9UqV1cSXwQg=="],

    "@biomejs/cli-linux-x64-musl": ["@biomejs/cli-linux-x64-musl@2.4.14", "", { "os": "linux", "cpu": "x64" }, "sha512-R6BWgJdQOwW9ulJatuTVrQkjnODjqHZkKNOqb1sz++3Noe5LYd0i3PchnOBUCYAPHoPWHhjJqbdZlHEu0hpjdA=="],

    "@biomejs/cli-win32-arm64": ["@biomejs/cli-win32-arm64@2.4.14", "", { "os": "win32", "cpu": "arm64" }, "sha512-M3EH5hqOI/F/FUA2u4xcLoUgmxd218mvuj/6JL7Hv2toQvr2/AdOvKSpGkoRuWFCtQPVa+ZqkEV3Q5xBA9+XSA=="],

    "@biomejs/cli-win32-x64": ["@biomejs/cli-win32-x64@2.4.14", "", { "os": "win32", "cpu": "x64" }, "sha512-WL0EG5qE+EAKomGXbf2g6VnSKJhTL3tXC0QRzWRwA5VpjxNYa6H4P7ZWfymbGE4IhZZQi1KXQ2R0YjwInmz2fA=="],

    "@clack/core": ["@clack/core@1.3.0", "", { "dependencies": { "fast-wrap-ansi": "^0.2.0", "sisteransi": "^1.0.5" } }, "sha512-xJPHpAmEQUBrXSLx0gF+q5K/IyihXpsHZcha+jB+tyahsKRK3Dxo4D0coZDewHo12NhiuzC3dTtMPbm53GEAAA=="],

    "@clack/prompts": ["@clack/prompts@1.3.0", "", { "dependencies": { "@clack/core": "1.3.0", "fast-string-width": "^3.0.2", "fast-wrap-ansi": "^0.2.0", "sisteransi": "^1.0.5" } }, "sha512-GgcWwRCs/xPtaqlMy8qRhPnZf9vlWcWZNHAitnVQ3yk7JmSralSiq5q07yaffYE8SogtDm7zFeKccx1QNVARpw=="],

    "balanced-match": ["balanced-match@4.0.4", "", {}, "sha512-BLrgEcRTwX2o6gGxGOCNyMvGSp35YofuYzw9h1IMTRmKqttAZZVU67bdb9Pr2vUHA8+j3i2tJfjO6C6+4myGTA=="],

    "brace-expansion": ["brace-expansion@5.0.5", "", { "dependencies": { "balanced-match": "^4.0.2" } }, "sha512-VZznLgtwhn+Mact9tfiwx64fA9erHH/MCXEUfB/0bX/6Fz6ny5EGTXYltMocqg4xFAQZtnO3DHWWXi8RiuN7cQ=="],

    "citty": ["citty@0.2.2", "", {}, "sha512-+6vJA3L98yv+IdfKGZHBNiGW5KHn22e/JwID0Strsz8h4S/csAu/OuICwxrg44k5MRiZHWIo8XXuJgQTriRP4w=="],

    "commander": ["commander@14.0.3", "", {}, "sha512-H+y0Jo/T1RZ9qPP4Eh1pkcQcLRglraJaSLoyOtHxu6AapkjWVCy2Sit1QQ4x3Dng8qDlSsZEet7g5Pq06MvTgw=="],

    "cross-spawn": ["cross-spawn@7.0.6", "", { "dependencies": { "path-key": "^3.1.0", "shebang-command": "^2.0.0", "which": "^2.0.1" } }, "sha512-uV2QOWP2nWzsy2aMp8aRibhi9dlzF5Hgh5SHaB9OiTGEyDTiJJyx0uy51QXdyWbtAHNua4XJzUKca3OzKUd3vA=="],

    "deepmerge": ["deepmerge@4.3.1", "", {}, "sha512-3sUqbMEc77XqpdNO7FRyRog+eW3ph+GYCbj+rK+uYyRMuwsVy0rMiVtPn+QJlKFvWP/1PYpapqYn0Me2knFn+A=="],

    "fast-string-truncated-width": ["fast-string-truncated-width@3.0.3", "", {}, "sha512-0jjjIEL6+0jag3l2XWWizO64/aZVtpiGE3t0Zgqxv0DPuxiMjvB3M24fCyhZUO4KomJQPj3LTSUnDP3GpdwC0g=="],

    "fast-string-width": ["fast-string-width@3.0.2", "", { "dependencies": { "fast-string-truncated-width": "^3.0.2" } }, "sha512-gX8LrtNEI5hq8DVUfRQMbr5lpaS4nMIWV+7XEbXk2b8kiQIizgnlr12B4dA3ZEx3308ze0O4Q1R+cHts8kyUJg=="],

    "fast-wrap-ansi": ["fast-wrap-ansi@0.2.0", "", { "dependencies": { "fast-string-width": "^3.0.2" } }, "sha512-rLV8JHxTyhVmFYhBJuMujcrHqOT2cnO5Zxj37qROj23CP39GXubJRBUFF0z8KFK77Uc0SukZUf7JZhsVEQ6n8w=="],

    "glob": ["glob@13.0.6", "", { "dependencies": { "minimatch": "^10.2.2", "minipass": "^7.1.3", "path-scurry": "^2.0.2" } }, "sha512-Wjlyrolmm8uDpm/ogGyXZXb1Z+Ca2B8NbJwqBVg0axK9GbBeoS7yGV6vjXnYdGm6X53iehEuxxbyiKp8QmN4Vw=="],

    "isexe": ["isexe@2.0.0", "", {}, "sha512-RHxMLp9lnKHGHRng9QFhRCMbYAcVpn69smSGcq3f36xjgVVWThj4qqLbTLlq7Ssj8B+fIQ1EuCEGI2lKsyQeIw=="],

    "jsonc-parser": ["jsonc-parser@3.3.1", "", {}, "sha512-HUgH65KyejrUFPvHFPbqOY0rsFip3Bo5wb4ngvdi1EpCYWUQDC5V+Y7mZws+DLkr4M//zQJoanu1SP+87Dv1oQ=="],

    "lru-cache": ["lru-cache@11.3.5", "", {}, "sha512-NxVFwLAnrd9i7KUBxC4DrUhmgjzOs+1Qm50D3oF1/oL+r1NpZ4gA7xvG0/zJ8evR7zIKn4vLf7qTNduWFtCrRw=="],

    "minimatch": ["minimatch@10.2.5", "", { "dependencies": { "brace-expansion": "^5.0.5" } }, "sha512-MULkVLfKGYDFYejP07QOurDLLQpcjk7Fw+7jXS2R2czRQzR56yHRveU5NDJEOviH+hETZKSkIk5c+T23GjFUMg=="],

    "minipass": ["minipass@7.1.3", "", {}, "sha512-tEBHqDnIoM/1rXME1zgka9g6Q2lcoCkxHLuc7ODJ5BxbP5d4c2Z5cGgtXAku59200Cx7diuHTOYfSBD8n6mm8A=="],

    "nypm": ["nypm@0.6.6", "", { "dependencies": { "citty": "^0.2.2", "pathe": "^2.0.3", "tinyexec": "^1.1.1" }, "bin": { "nypm": "dist/cli.mjs" } }, "sha512-vRyr0r4cbBapw07Xw8xrj9Teq3o7MUD35rSaTcanDbW+aK2XHDgJFiU6ZTj2GBw7Q12ysdsyFss+Vdz4hQ0Y6Q=="],

    "path-key": ["path-key@3.1.1", "", {}, "sha512-ojmeN0qd+y0jszEtoY48r0Peq5dwMEkIlCOu6Q5f41lfkswXuKtYrhgoTpLnyIcHm24Uhqx+5Tqm2InSwLhE6Q=="],

    "path-scurry": ["path-scurry@2.0.2", "", { "dependencies": { "lru-cache": "^11.0.0", "minipass": "^7.1.2" } }, "sha512-3O/iVVsJAPsOnpwWIeD+d6z/7PmqApyQePUtCndjatj/9I5LylHvt5qluFaBT3I5h3r1ejfR056c+FCv+NnNXg=="],

    "pathe": ["pathe@2.0.3", "", {}, "sha512-WUjGcAqP1gQacoQe+OBJsFA7Ld4DyXuUIjZ5cc75cLHvJ7dtNsTugphxIADwspS+AraAUePCKrSVtPLFj/F88w=="],

    "shebang-command": ["shebang-command@2.0.0", "", { "dependencies": { "shebang-regex": "^3.0.0" } }, "sha512-kHxr2zZpYtdmrN1qDjrrX/Z1rR1kG8Dx+gkpK1G4eXmvXswmcE1hTWBWYUzlraYw1/yZp6YuDY77YtvbN0dmDA=="],

    "shebang-regex": ["shebang-regex@3.0.0", "", {}, "sha512-7++dFhtcx3353uBaq8DDR4NuxBetBzC7ZQOhmTQInHEd6bSrXdiEyzCvG07Z44UYdLShWUyXt5M/yhz8ekcb1A=="],

    "sisteransi": ["sisteransi@1.0.5", "", {}, "sha512-bLGGlR1QxBcynn2d5YmDX4MGjlZvy2MRBDRNHLJ8VI6l6+9FUiyTFNJ0IveOSP0bcXgVDPRcfGqA0pjaqUpfVg=="],

    "tinyexec": ["tinyexec@1.1.2", "", {}, "sha512-dAqSqE/RabpBKI8+h26GfLq6Vb3JVXs30XYQjdMjaj/c2tS8IYYMbIzP599KtRj7c57/wYApb3QjgRgXmrCukA=="],

    "ultracite": ["ultracite@7.6.3", "", { "dependencies": { "@clack/prompts": "^1.3.0", "commander": "^14.0.3", "cross-spawn": "^7.0.6", "deepmerge": "^4.3.1", "glob": "^13.0.6", "jsonc-parser": "^3.3.1", "nypm": "^0.6.6", "yaml": "^2.8.4", "zod": "^4.4.2" }, "peerDependencies": { "oxfmt": ">=0.1.0", "oxlint": "^1.0.0" }, "optionalPeers": ["oxfmt", "oxlint"], "bin": { "ultracite": "dist/index.js" } }, "sha512-QhIg4qLaWaugLCMdHsxO+nzRljgOQVdCFs2kgJad3uXpl1IeKu2sT6puNcNpOAr9yHOWcT5smZ0l4F1WU1N7YA=="],

    "which": ["which@2.0.2", "", { "dependencies": { "isexe": "^2.0.0" }, "bin": { "node-which": "./bin/node-which" } }, "sha512-BLI3Tl1TW3Pvl70l3yq3Y64i+awpwXqsGBYWkkqMtnbXgrMD+yj7rhW0kuEDxzJaYXGjEW5ogapKNMEKNMjibA=="],

    "yaml": ["yaml@2.8.4", "", { "bin": { "yaml": "bin.mjs" } }, "sha512-ml/JPOj9fOQK8RNnWojA67GbZ0ApXAUlN2UQclwv2eVgTgn7O9gg9o7paZWKMp4g0H3nTLtS9LVzhkpOFIKzog=="],

    "zod": ["zod@4.4.2", "", {}, "sha512-IynmDyxsEsb9RKzO3J9+4SxXnl2FTFSzNBaKKaMV6tsSk0rw9gYw9gs+JFCq/qk2LCZ78KDwyj+Z289TijSkUw=="],
  }
}
